
Microsoft Visual Studio Solution File, Format Version 12.00
# Visual Studio 15
VisualStudioVersion = 15.0.28010.2048
MinimumVisualStudioVersion = 10.0.40219.1
Project("{FAE04EC0-301F-11D3-BF4B-00C04F79EFBC}") = "FF12Data", "FF12Data\FF12Data.csproj", "{F684ED44-46A9-4919-AD33-3D134766AA62}"
EndProject
Project("{FAE04EC0-301F-11D3-BF4B-00C04F79EFBC}") = "FF12Randomizer", "FF12Randomizer\FF12Randomizer.csproj", "{AD495D20-3BEB-4FF0-A3AD-DBD9462A54A7}"
EndProject
Global
	GlobalSection(SolutionConfigurationPlatforms) = preSolution
		Debug|Any CPU = Debug|Any CPU
		Release|Any CPU = Release|Any CPU
	EndGlobalSection
	GlobalSection(ProjectConfigurationPlatforms) = postSolution
		{F684ED44-46A9-4919-AD33-3D134766AA62}.Debug|Any CPU.ActiveCfg = Debug|Any CPU
		{F684ED44-46A9-4919-AD33-3D134766AA62}.Debug|Any CPU.Build.0 = Debug|Any CPU
		{F684ED44-46A9-4919-AD33-3D134766AA62}.Release|Any CPU.ActiveCfg = Release|Any CPU
		{F684ED44-46A9-4919-AD33-3D134766AA62}.Release|Any CPU.Build.0 = Release|Any CPU
		{AD495D20-3BEB-4FF0-A3AD-DBD9462A54A7}.Debug|Any CPU.ActiveCfg = Debug|Any CPU
		{AD495D20-3BEB-4FF0-A3AD-DBD9462A54A7}.Debug|Any CPU.Build.0 = Debug|Any CPU
		{AD495D20-3BEB-4FF0-A3AD-DBD9462A54A7}.Release|Any CPU.ActiveCfg = Release|Any CPU
		{AD495D20-3BEB-4FF0-A3AD-DBD9462A54A7}.Release|Any CPU.Build.0 = Release|Any CPU
	EndGlobalSection
	GlobalSection(SolutionProperties) = preSolution
		HideSolutionNode = FALSE
	EndGlobalSection
	GlobalSection(ExtensibilityGlobals) = postSolution
		SolutionGuid = {203C63DC-1E5B-4C93-BDD6-85C2EB97D912}
	EndGlobalSection
EndGlobal
