
Microsoft Visual Studio Solution File, Format Version 12.00
# Visual Studio 15
VisualStudioVersion = 15.0.28010.2048
MinimumVisualStudioVersion = 10.0.40219.1
Project("{FAE04EC0-301F-11D3-BF4B-00C04F79EFBC}") = "FF12RandomizerVer2", "FF12Randomizer2.0\FF12RandomizerVer2.csproj", "{5DC56CE3-BB03-4159-986F-F832AAB95977}"
EndProject
Global
	GlobalSection(SolutionConfigurationPlatforms) = preSolution
		Debug|Any CPU = Debug|Any CPU
		Release|Any CPU = Release|Any CPU
	EndGlobalSection
	GlobalSection(ProjectConfigurationPlatforms) = postSolution
		{5DC56CE3-BB03-4159-986F-F832AAB95977}.Debug|Any CPU.ActiveCfg = Debug|Any CPU
		{5DC56CE3-BB03-4159-986F-F832AAB95977}.Debug|Any CPU.Build.0 = Debug|Any CPU
		{5DC56CE3-BB03-4159-986F-F832AAB95977}.Release|Any CPU.ActiveCfg = Release|Any CPU
		{5DC56CE3-BB03-4159-986F-F832AAB95977}.Release|Any CPU.Build.0 = Release|Any CPU
	EndGlobalSection
	GlobalSection(SolutionProperties) = preSolution
		HideSolutionNode = FALSE
	EndGlobalSection
	GlobalSection(ExtensibilityGlobals) = postSolution
		SolutionGuid = {203C63DC-1E5B-4C93-BDD6-85C2EB97D912}
	EndGlobalSection
EndGlobal
