<?xml version="1.0" encoding="utf-8"?>
<Project ToolsVersion="4.0" xmlns="http://schemas.microsoft.com/developer/msbuild/2003">
  <ItemGroup>
    <Filter Include="Source Files">
      <UniqueIdentifier>{4FC737F1-C7A5-4376-A066-2A32D752A2FF}</UniqueIdentifier>
      <Extensions>cpp;c;cc;cxx;def;odl;idl;hpj;bat;asm;asmx</Extensions>
    </Filter>
    <Filter Include="Header Files">
      <UniqueIdentifier>{93995380-89BD-4b04-88EB-625FBE52EBFB}</UniqueIdentifier>
      <Extensions>h;hh;hpp;hxx;hm;inl;inc;ipp;xsd</Extensions>
    </Filter>
    <Filter Include="Resource Files">
      <UniqueIdentifier>{67DA6AB6-F800-4c08-8B7A-83BB121AAD01}</UniqueIdentifier>
      <Extensions>rc;ico;cur;bmp;dlg;rc2;rct;bin;rgs;gif;jpg;jpeg;jpe;resx;tiff;tif;png;wav;mfcribbon-ms</Extensions>
    </Filter>
  </ItemGroup>
  <ItemGroup>
    <ClInclude Include="stdafx.h">
      <Filter>Header Files</Filter>
    </ClInclude>
    <ClInclude Include="targetver.h">
      <Filter>Header Files</Filter>
    </ClInclude>
    <ClInclude Include="LicenseRand.h">
      <Filter>Header Files</Filter>
    </ClInclude>
    <ClInclude Include="LicenseData.h">
      <Filter>Header Files</Filter>
    </ClInclude>
    <ClInclude Include="Helpers.h">
      <Filter>Header Files</Filter>
    </ClInclude>
    <ClInclude Include="LicenseBoardData.h">
      <Filter>Header Files</Filter>
    </ClInclude>
    <ClInclude Include="LicenseBoardRand.h">
      <Filter>Header Files</Filter>
    </ClInclude>
    <ClInclude Include="MagicRand.h">
      <Filter>Header Files</Filter>
    </ClInclude>
    <ClInclude Include="MagicData.h">
      <Filter>Header Files</Filter>
    </ClInclude>
    <ClInclude Include="ItemData.h">
      <Filter>Header Files</Filter>
    </ClInclude>
    <ClInclude Include="ItemRand.h">
      <Filter>Header Files</Filter>
    </ClInclude>
    <ClInclude Include="LicenseRename.h">
      <Filter>Header Files</Filter>
    </ClInclude>
    <ClInclude Include="LootData.h">
      <Filter>Header Files</Filter>
    </ClInclude>
    <ClInclude Include="LootRand.h">
      <Filter>Header Files</Filter>
    </ClInclude>
    <ClInclude Include="EquipData.h">
      <Filter>Header Files</Filter>
    </ClInclude>
    <ClInclude Include="EquipRand.h">
      <Filter>Header Files</Filter>
    </ClInclude>
    <ClInclude Include="ShopData.h">
      <Filter>Header Files</Filter>
    </ClInclude>
    <ClInclude Include="ShopRand.h">
      <Filter>Header Files</Filter>
    </ClInclude>
    <ClInclude Include="ElementalValue.h">
      <Filter>Header Files</Filter>
    </ClInclude>
    <ClInclude Include="AttributeData.h">
      <Filter>Header Files</Filter>
    </ClInclude>
    <ClInclude Include="StatusValue.h">
      <Filter>Header Files</Filter>
    </ClInclude>
    <ClInclude Include="CharData.h">
      <Filter>Header Files</Filter>
    </ClInclude>
    <ClInclude Include="CharValue.h">
      <Filter>Header Files</Filter>
    </ClInclude>
    <ClInclude Include="CharRand.h">
      <Filter>Header Files</Filter>
    </ClInclude>
    <ClInclude Include="ItemFlagValue.h">
      <Filter>Header Files</Filter>
    </ClInclude>
    <ClInclude Include="ActionData.h">
      <Filter>Header Files</Filter>
    </ClInclude>
    <ClInclude Include="BazaarData.h">
      <Filter>Header Files</Filter>
    </ClInclude>
    <ClInclude Include="BazaarRename.h">
      <Filter>Header Files</Filter>
    </ClInclude>
    <ClInclude Include="RenameMain.h">
      <Filter>Header Files</Filter>
    </ClInclude>
    <ClInclude Include="AugmentRename.h">
      <Filter>Header Files</Filter>
    </ClInclude>
    <ClInclude Include="AugmentData.h">
      <Filter>Header Files</Filter>
    </ClInclude>
    <ClInclude Include="AugmentRand.h">
      <Filter>Header Files</Filter>
    </ClInclude>
    <ClInclude Include="FileSizeTableFix.h">
      <Filter>Header Files</Filter>
    </ClInclude>
    <ClInclude Include="TreasureRand.h">
      <Filter>Header Files</Filter>
    </ClInclude>
    <ClInclude Include="TreasureData.h">
      <Filter>Header Files</Filter>
    </ClInclude>
    <ClInclude Include="MapData.h">
      <Filter>Header Files</Filter>
    </ClInclude>
    <ClInclude Include="RewardRand.h">
      <Filter>Header Files</Filter>
    </ClInclude>
    <ClInclude Include="RewardData.h">
      <Filter>Header Files</Filter>
    </ClInclude>
  </ItemGroup>
  <ItemGroup>
    <ClCompile Include="stdafx.cpp">
      <Filter>Source Files</Filter>
    </ClCompile>
    <ClCompile Include="FF12Random.cpp">
      <Filter>Source Files</Filter>
    </ClCompile>
    <ClCompile Include="LicenseRand.cpp">
      <Filter>Source Files</Filter>
    </ClCompile>
    <ClCompile Include="LicenseData.cpp">
      <Filter>Source Files</Filter>
    </ClCompile>
    <ClCompile Include="Helpers.cpp">
      <Filter>Source Files</Filter>
    </ClCompile>
    <ClCompile Include="LicenseBoardData.cpp">
      <Filter>Source Files</Filter>
    </ClCompile>
    <ClCompile Include="LicenseBoardRand.cpp">
      <Filter>Source Files</Filter>
    </ClCompile>
    <ClCompile Include="MagicRand.cpp">
      <Filter>Source Files</Filter>
    </ClCompile>
    <ClCompile Include="MagicData.cpp">
      <Filter>Source Files</Filter>
    </ClCompile>
    <ClCompile Include="ItemData.cpp">
      <Filter>Source Files</Filter>
    </ClCompile>
    <ClCompile Include="ItemRand.cpp">
      <Filter>Source Files</Filter>
    </ClCompile>
    <ClCompile Include="LicenseRename.cpp">
      <Filter>Source Files</Filter>
    </ClCompile>
    <ClCompile Include="LootData.cpp">
      <Filter>Source Files</Filter>
    </ClCompile>
    <ClCompile Include="LootRand.cpp">
      <Filter>Source Files</Filter>
    </ClCompile>
    <ClCompile Include="EquipData.cpp">
      <Filter>Source Files</Filter>
    </ClCompile>
    <ClCompile Include="EquipRand.cpp">
      <Filter>Source Files</Filter>
    </ClCompile>
    <ClCompile Include="ShopData.cpp">
      <Filter>Source Files</Filter>
    </ClCompile>
    <ClCompile Include="ShopRand.cpp">
      <Filter>Source Files</Filter>
    </ClCompile>
    <ClCompile Include="ElementalValue.cpp">
      <Filter>Source Files</Filter>
    </ClCompile>
    <ClCompile Include="AttributeData.cpp">
      <Filter>Source Files</Filter>
    </ClCompile>
    <ClCompile Include="StatusValue.cpp">
      <Filter>Source Files</Filter>
    </ClCompile>
    <ClCompile Include="CharData.cpp">
      <Filter>Source Files</Filter>
    </ClCompile>
    <ClCompile Include="CharValue.cpp">
      <Filter>Source Files</Filter>
    </ClCompile>
    <ClCompile Include="CharRand.cpp">
      <Filter>Source Files</Filter>
    </ClCompile>
    <ClCompile Include="ItemFlagValue.cpp">
      <Filter>Source Files</Filter>
    </ClCompile>
    <ClCompile Include="ActionData.cpp">
      <Filter>Source Files</Filter>
    </ClCompile>
    <ClCompile Include="BazaarData.cpp">
      <Filter>Source Files</Filter>
    </ClCompile>
    <ClCompile Include="BazaarRename.cpp">
      <Filter>Source Files</Filter>
    </ClCompile>
    <ClCompile Include="RenameMain.cpp">
      <Filter>Source Files</Filter>
    </ClCompile>
    <ClCompile Include="AugmentRename.cpp">
      <Filter>Source Files</Filter>
    </ClCompile>
    <ClCompile Include="AugmentData.cpp">
      <Filter>Source Files</Filter>
    </ClCompile>
    <ClCompile Include="AugmentRand.cpp">
      <Filter>Source Files</Filter>
    </ClCompile>
    <ClCompile Include="FileSizeTableFix.cpp">
      <Filter>Source Files</Filter>
    </ClCompile>
    <ClCompile Include="TreasureRand.cpp">
      <Filter>Source Files</Filter>
    </ClCompile>
    <ClCompile Include="TreasureData.cpp">
      <Filter>Source Files</Filter>
    </ClCompile>
    <ClCompile Include="MapData.cpp">
      <Filter>Source Files</Filter>
    </ClCompile>
    <ClCompile Include="RewardRand.cpp">
      <Filter>Source Files</Filter>
    </ClCompile>
    <ClCompile Include="RewardData.cpp">
      <Filter>Source Files</Filter>
    </ClCompile>
  </ItemGroup>
  <ItemGroup>
    <None Include="packages.config" />
  </ItemGroup>
</Project>